
Microsoft Visual Studio Solution File, Format Version 12.00
# Visual Studio 15
VisualStudioVersion = 15.0.28307.102
MinimumVisualStudioVersion = 10.0.40219.1
Project("{888888A0-9F3D-457C-B088-3A5042F75D52}") = "udpklientish", "udpklientish\udpklientish.pyproj", "{0B8B6415-FBD7-4FD5-B873-8054E4F6F7EA}"
EndProject
Global
	GlobalSection(SolutionConfigurationPlatforms) = preSolution
		Debug|Any CPU = Debug|Any CPU
		Release|Any CPU = Release|Any CPU
	EndGlobalSection
	GlobalSection(ProjectConfigurationPlatforms) = postSolution
		{0B8B6415-FBD7-4FD5-B873-8054E4F6F7EA}.Debug|Any CPU.ActiveCfg = Debug|Any CPU
		{0B8B6415-FBD7-4FD5-B873-8054E4F6F7EA}.Release|Any CPU.ActiveCfg = Release|Any CPU
	EndGlobalSection
	GlobalSection(SolutionProperties) = preSolution
		HideSolutionNode = FALSE
	EndGlobalSection
	GlobalSection(ExtensibilityGlobals) = postSolution
		SolutionGuid = {F1D9E0F0-2329-4E49-BD11-E45B90C6DA52}
	EndGlobalSection
EndGlobal
